
Microsoft Visual Studio Solution File, Format Version 12.00
# Visual Studio Version 16
VisualStudioVersion = 16.0.31025.194
MinimumVisualStudioVersion = 10.0.40219.1
Project("{9A19103F-16F7-4668-BE54-9A1E7A4F7556}") = "WebApplication1", "WebApplication1\WebApplication1.csproj", "{5DD03747-BE61-405D-BB67-0383396CA05D}"
EndProject
Global
	GlobalSection(SolutionConfigurationPlatforms) = preSolution
		Debug|Any CPU = Debug|Any CPU
		Release|Any CPU = Release|Any CPU
	EndGlobalSection
	GlobalSection(ProjectConfigurationPlatforms) = postSolution
		{5DD03747-BE61-405D-BB67-0383396CA05D}.Debug|Any CPU.ActiveCfg = Debug|Any CPU
		{5DD03747-BE61-405D-BB67-0383396CA05D}.Debug|Any CPU.Build.0 = Debug|Any CPU
		{5DD03747-BE61-405D-BB67-0383396CA05D}.Release|Any CPU.ActiveCfg = Release|Any CPU
		{5DD03747-BE61-405D-BB67-0383396CA05D}.Release|Any CPU.Build.0 = Release|Any CPU
	EndGlobalSection
	GlobalSection(SolutionProperties) = preSolution
		HideSolutionNode = FALSE
	EndGlobalSection
	GlobalSection(ExtensibilityGlobals) = postSolution
		SolutionGuid = {3A3F93D8-BA54-43D2-B4FF-7BEA8E8DB361}
	EndGlobalSection
EndGlobal
